// !$*UTF8*$!
{
	archiveVersion = 1;
	classes = {
	};
	objectVersion = 50;
	objects = {

/* Begin PBXBuildFile section */
		0C11AAA126D8720D00DF2912 /* ContainerViewController.swift in Sources */ = {isa = PBXBuildFile; fileRef = 0C11AAA026D8720D00DF2912 /* ContainerViewController.swift */; };
		0C11AAA326D8721B00DF2912 /* MenuViewController.swift in Sources */ = {isa = PBXBuildFile; fileRef = 0C11AAA226D8721B00DF2912 /* MenuViewController.swift */; };
		0C11AAA526D8722800DF2912 /* HomeViewController.swift in Sources */ = {isa = PBXBuildFile; fileRef = 0C11AAA426D8722800DF2912 /* HomeViewController.swift */; };
		0C1641C026D48D6D00B5AB95 /* DrawerLeftController.swift in Sources */ = {isa = PBXBuildFile; fileRef = 0C1641BF26D48D6D00B5AB95 /* DrawerLeftController.swift */; };
		0C4F0DF726CC9F7900B953A8 /* DesignableSegmentControl.swift in Sources */ = {isa = PBXBuildFile; fileRef = 0C4F0DF626CC9F7900B953A8 /* DesignableSegmentControl.swift */; };
		0C7A185526BF5CE600F8500C /* AppDelegate.swift in Sources */ = {isa = PBXBuildFile; fileRef = 0C7A185426BF5CE600F8500C /* AppDelegate.swift */; };
		0C7A185726BF5CE600F8500C /* SceneDelegate.swift in Sources */ = {isa = PBXBuildFile; fileRef = 0C7A185626BF5CE600F8500C /* SceneDelegate.swift */; };
		0C7A185926BF5CE600F8500C /* ViewController.swift in Sources */ = {isa = PBXBuildFile; fileRef = 0C7A185826BF5CE600F8500C /* ViewController.swift */; };
		0C7A185C26BF5CE600F8500C /* Main.storyboard in Resources */ = {isa = PBXBuildFile; fileRef = 0C7A185A26BF5CE600F8500C /* Main.storyboard */; };
		0C7A185F26BF5CE600F8500C /* Gerencianet.xcdatamodeld in Sources */ = {isa = PBXBuildFile; fileRef = 0C7A185D26BF5CE600F8500C /* Gerencianet.xcdatamodeld */; };
		0C7A186126BF5CEB00F8500C /* Assets.xcassets in Resources */ = {isa = PBXBuildFile; fileRef = 0C7A186026BF5CEB00F8500C /* Assets.xcassets */; };
		0C7A186426BF5CEB00F8500C /* LaunchScreen.storyboard in Resources */ = {isa = PBXBuildFile; fileRef = 0C7A186226BF5CEB00F8500C /* LaunchScreen.storyboard */; };
		0C7A186F26BF5CEB00F8500C /* GerencianetTests.swift in Sources */ = {isa = PBXBuildFile; fileRef = 0C7A186E26BF5CEB00F8500C /* GerencianetTests.swift */; };
		0C7A187A26BF5CEB00F8500C /* GerencianetUITests.swift in Sources */ = {isa = PBXBuildFile; fileRef = 0C7A187926BF5CEB00F8500C /* GerencianetUITests.swift */; };
		0C7FF3E126D2B89B00778A97 /* AcessAccountPasswordController.swift in Sources */ = {isa = PBXBuildFile; fileRef = 0C7FF3E026D2B89B00778A97 /* AcessAccountPasswordController.swift */; };
		0C82324D26CB49C7000CF016 /* OpenAccountController.swift in Sources */ = {isa = PBXBuildFile; fileRef = 0C82324C26CB49C7000CF016 /* OpenAccountController.swift */; };
		0CAE6DA526C6082C0041418B /* UIView+Snapshot..swift in Sources */ = {isa = PBXBuildFile; fileRef = 0CAE6DA426C6082C0041418B /* UIView+Snapshot..swift */; };
		0CAE6DA726C60E0C0041418B /* AccessAccountController.swift in Sources */ = {isa = PBXBuildFile; fileRef = 0CAE6DA626C60E0C0041418B /* AccessAccountController.swift */; };
		0CF051F026C0C15900CBB5AE /* PageControlController.swift in Sources */ = {isa = PBXBuildFile; fileRef = 0CF051EF26C0C15900CBB5AE /* PageControlController.swift */; };
		0CF051F526C0C54C00CBB5AE /* Slide.swift in Sources */ = {isa = PBXBuildFile; fileRef = 0CF051F426C0C54C00CBB5AE /* Slide.swift */; };
		0CF051F726C0C5A600CBB5AE /* Slide.xib in Resources */ = {isa = PBXBuildFile; fileRef = 0CF051F626C0C5A600CBB5AE /* Slide.xib */; };
/* End PBXBuildFile section */

/* Begin PBXContainerItemProxy section */
		0C7A186B26BF5CEB00F8500C /* PBXContainerItemProxy */ = {
			isa = PBXContainerItemProxy;
			containerPortal = 0C7A184926BF5CE600F8500C /* Project object */;
			proxyType = 1;
			remoteGlobalIDString = 0C7A185026BF5CE600F8500C;
			remoteInfo = Gerencianet;
		};
		0C7A187626BF5CEB00F8500C /* PBXContainerItemProxy */ = {
			isa = PBXContainerItemProxy;
			containerPortal = 0C7A184926BF5CE600F8500C /* Project object */;
			proxyType = 1;
			remoteGlobalIDString = 0C7A185026BF5CE600F8500C;
			remoteInfo = Gerencianet;
		};
/* End PBXContainerItemProxy section */

/* Begin PBXFileReference section */
		0C11AAA026D8720D00DF2912 /* ContainerViewController.swift */ = {isa = PBXFileReference; lastKnownFileType = sourcecode.swift; path = ContainerViewController.swift; sourceTree = "<group>"; };
		0C11AAA226D8721B00DF2912 /* MenuViewController.swift */ = {isa = PBXFileReference; lastKnownFileType = sourcecode.swift; path = MenuViewController.swift; sourceTree = "<group>"; };
		0C11AAA426D8722800DF2912 /* HomeViewController.swift */ = {isa = PBXFileReference; lastKnownFileType = sourcecode.swift; path = HomeViewController.swift; sourceTree = "<group>"; };
		0C1641BF26D48D6D00B5AB95 /* DrawerLeftController.swift */ = {isa = PBXFileReference; lastKnownFileType = sourcecode.swift; path = DrawerLeftController.swift; sourceTree = "<group>"; };
		0C4F0DF626CC9F7900B953A8 /* DesignableSegmentControl.swift */ = {isa = PBXFileReference; lastKnownFileType = sourcecode.swift; path = DesignableSegmentControl.swift; sourceTree = "<group>"; };
		0C7A185126BF5CE600F8500C /* Gerencianet.app */ = {isa = PBXFileReference; explicitFileType = wrapper.application; includeInIndex = 0; path = Gerencianet.app; sourceTree = BUILT_PRODUCTS_DIR; };
		0C7A185426BF5CE600F8500C /* AppDelegate.swift */ = {isa = PBXFileReference; lastKnownFileType = sourcecode.swift; path = AppDelegate.swift; sourceTree = "<group>"; };
		0C7A185626BF5CE600F8500C /* SceneDelegate.swift */ = {isa = PBXFileReference; lastKnownFileType = sourcecode.swift; path = SceneDelegate.swift; sourceTree = "<group>"; };
		0C7A185826BF5CE600F8500C /* ViewController.swift */ = {isa = PBXFileReference; lastKnownFileType = sourcecode.swift; path = ViewController.swift; sourceTree = "<group>"; };
		0C7A185B26BF5CE600F8500C /* Base */ = {isa = PBXFileReference; lastKnownFileType = file.storyboard; name = Base; path = Base.lproj/Main.storyboard; sourceTree = "<group>"; };
		0C7A185E26BF5CE600F8500C /* Gerencianet.xcdatamodel */ = {isa = PBXFileReference; lastKnownFileType = wrapper.xcdatamodel; path = Gerencianet.xcdatamodel; sourceTree = "<group>"; };
		0C7A186026BF5CEB00F8500C /* Assets.xcassets */ = {isa = PBXFileReference; lastKnownFileType = folder.assetcatalog; path = Assets.xcassets; sourceTree = "<group>"; };
		0C7A186326BF5CEB00F8500C /* Base */ = {isa = PBXFileReference; lastKnownFileType = file.storyboard; name = Base; path = Base.lproj/LaunchScreen.storyboard; sourceTree = "<group>"; };
		0C7A186526BF5CEB00F8500C /* Info.plist */ = {isa = PBXFileReference; lastKnownFileType = text.plist.xml; path = Info.plist; sourceTree = "<group>"; };
		0C7A186A26BF5CEB00F8500C /* GerencianetTests.xctest */ = {isa = PBXFileReference; explicitFileType = wrapper.cfbundle; includeInIndex = 0; path = GerencianetTests.xctest; sourceTree = BUILT_PRODUCTS_DIR; };
		0C7A186E26BF5CEB00F8500C /* GerencianetTests.swift */ = {isa = PBXFileReference; lastKnownFileType = sourcecode.swift; path = GerencianetTests.swift; sourceTree = "<group>"; };
		0C7A187026BF5CEB00F8500C /* Info.plist */ = {isa = PBXFileReference; lastKnownFileType = text.plist.xml; path = Info.plist; sourceTree = "<group>"; };
		0C7A187526BF5CEB00F8500C /* GerencianetUITests.xctest */ = {isa = PBXFileReference; explicitFileType = wrapper.cfbundle; includeInIndex = 0; path = GerencianetUITests.xctest; sourceTree = BUILT_PRODUCTS_DIR; };
		0C7A187926BF5CEB00F8500C /* GerencianetUITests.swift */ = {isa = PBXFileReference; lastKnownFileType = sourcecode.swift; path = GerencianetUITests.swift; sourceTree = "<group>"; };
		0C7A187B26BF5CEB00F8500C /* Info.plist */ = {isa = PBXFileReference; lastKnownFileType = text.plist.xml; path = Info.plist; sourceTree = "<group>"; };
		0C7FF3E026D2B89B00778A97 /* AcessAccountPasswordController.swift */ = {isa = PBXFileReference; lastKnownFileType = sourcecode.swift; path = AcessAccountPasswordController.swift; sourceTree = "<group>"; };
		0C82324C26CB49C7000CF016 /* OpenAccountController.swift */ = {isa = PBXFileReference; lastKnownFileType = sourcecode.swift; path = OpenAccountController.swift; sourceTree = "<group>"; };
		0CAE6DA426C6082C0041418B /* UIView+Snapshot..swift */ = {isa = PBXFileReference; lastKnownFileType = sourcecode.swift; path = "UIView+Snapshot..swift"; sourceTree = "<group>"; };
		0CAE6DA626C60E0C0041418B /* AccessAccountController.swift */ = {isa = PBXFileReference; lastKnownFileType = sourcecode.swift; path = AccessAccountController.swift; sourceTree = "<group>"; };
		0CF051EF26C0C15900CBB5AE /* PageControlController.swift */ = {isa = PBXFileReference; lastKnownFileType = sourcecode.swift; path = PageControlController.swift; sourceTree = "<group>"; };
		0CF051F426C0C54C00CBB5AE /* Slide.swift */ = {isa = PBXFileReference; lastKnownFileType = sourcecode.swift; path = Slide.swift; sourceTree = "<group>"; };
		0CF051F626C0C5A600CBB5AE /* Slide.xib */ = {isa = PBXFileReference; lastKnownFileType = file.xib; path = Slide.xib; sourceTree = "<group>"; };
/* End PBXFileReference section */

/* Begin PBXFrameworksBuildPhase section */
		0C7A184E26BF5CE600F8500C /* Frameworks */ = {
			isa = PBXFrameworksBuildPhase;
			buildActionMask = 2147483647;
			files = (
			);
			runOnlyForDeploymentPostprocessing = 0;
		};
		0C7A186726BF5CEB00F8500C /* Frameworks */ = {
			isa = PBXFrameworksBuildPhase;
			buildActionMask = 2147483647;
			files = (
			);
			runOnlyForDeploymentPostprocessing = 0;
		};
		0C7A187226BF5CEB00F8500C /* Frameworks */ = {
			isa = PBXFrameworksBuildPhase;
			buildActionMask = 2147483647;
			files = (
			);
			runOnlyForDeploymentPostprocessing = 0;
		};
/* End PBXFrameworksBuildPhase section */

/* Begin PBXGroup section */
		0C12655A26D473E9005208B8 /* controller */ = {
			isa = PBXGroup;
			children = (
				0C12655D26D478A9005208B8 /* menu */,
				0C7A185826BF5CE600F8500C /* ViewController.swift */,
				0CF051EF26C0C15900CBB5AE /* PageControlController.swift */,
				0CAE6DA626C60E0C0041418B /* AccessAccountController.swift */,
				0C82324C26CB49C7000CF016 /* OpenAccountController.swift */,
				0C7FF3E026D2B89B00778A97 /* AcessAccountPasswordController.swift */,
				0C4F0DF626CC9F7900B953A8 /* DesignableSegmentControl.swift */,
			);
			path = controller;
			sourceTree = "<group>";
		};
		0C12655D26D478A9005208B8 /* menu */ = {
			isa = PBXGroup;
			children = (
				0C1641BF26D48D6D00B5AB95 /* DrawerLeftController.swift */,
				0C11AAA026D8720D00DF2912 /* ContainerViewController.swift */,
				0C11AAA226D8721B00DF2912 /* MenuViewController.swift */,
				0C11AAA426D8722800DF2912 /* HomeViewController.swift */,
			);
			path = menu;
			sourceTree = "<group>";
		};
		0C7A184826BF5CE600F8500C = {
			isa = PBXGroup;
			children = (
				0C7A185326BF5CE600F8500C /* Gerencianet */,
				0C7A186D26BF5CEB00F8500C /* GerencianetTests */,
				0C7A187826BF5CEB00F8500C /* GerencianetUITests */,
				0C7A185226BF5CE600F8500C /* Products */,
			);
			sourceTree = "<group>";
		};
		0C7A185226BF5CE600F8500C /* Products */ = {
			isa = PBXGroup;
			children = (
				0C7A185126BF5CE600F8500C /* Gerencianet.app */,
				0C7A186A26BF5CEB00F8500C /* GerencianetTests.xctest */,
				0C7A187526BF5CEB00F8500C /* GerencianetUITests.xctest */,
			);
			name = Products;
			sourceTree = "<group>";
		};
		0C7A185326BF5CE600F8500C /* Gerencianet */ = {
			isa = PBXGroup;
			children = (
				0C12655A26D473E9005208B8 /* controller */,
				0CF051F326C0C53800CBB5AE /* views */,
				0C7A185426BF5CE600F8500C /* AppDelegate.swift */,
				0C7A185A26BF5CE600F8500C /* Main.storyboard */,
				0C7A186226BF5CEB00F8500C /* LaunchScreen.storyboard */,
				0C7A185626BF5CE600F8500C /* SceneDelegate.swift */,
				0C7A186026BF5CEB00F8500C /* Assets.xcassets */,
				0C7A186526BF5CEB00F8500C /* Info.plist */,
				0C7A185D26BF5CE600F8500C /* Gerencianet.xcdatamodeld */,
				0CAE6DA426C6082C0041418B /* UIView+Snapshot..swift */,
			);
			path = Gerencianet;
			sourceTree = "<group>";
		};
		0C7A186D26BF5CEB00F8500C /* GerencianetTests */ = {
			isa = PBXGroup;
			children = (
				0C7A186E26BF5CEB00F8500C /* GerencianetTests.swift */,
				0C7A187026BF5CEB00F8500C /* Info.plist */,
			);
			path = GerencianetTests;
			sourceTree = "<group>";
		};
		0C7A187826BF5CEB00F8500C /* GerencianetUITests */ = {
			isa = PBXGroup;
			children = (
				0C7A187926BF5CEB00F8500C /* GerencianetUITests.swift */,
				0C7A187B26BF5CEB00F8500C /* Info.plist */,
			);
			path = GerencianetUITests;
			sourceTree = "<group>";
		};
		0CF051F326C0C53800CBB5AE /* views */ = {
			isa = PBXGroup;
			children = (
				0CF051F426C0C54C00CBB5AE /* Slide.swift */,
				0CF051F626C0C5A600CBB5AE /* Slide.xib */,
			);
			path = views;
			sourceTree = "<group>";
		};
/* End PBXGroup section */

/* Begin PBXNativeTarget section */
		0C7A185026BF5CE600F8500C /* Gerencianet */ = {
			isa = PBXNativeTarget;
			buildConfigurationList = 0C7A187E26BF5CEB00F8500C /* Build configuration list for PBXNativeTarget "Gerencianet" */;
			buildPhases = (
				0C7A184D26BF5CE600F8500C /* Sources */,
				0C7A184E26BF5CE600F8500C /* Frameworks */,
				0C7A184F26BF5CE600F8500C /* Resources */,
			);
			buildRules = (
			);
			dependencies = (
			);
			name = Gerencianet;
			productName = Gerencianet;
			productReference = 0C7A185126BF5CE600F8500C /* Gerencianet.app */;
			productType = "com.apple.product-type.application";
		};
		0C7A186926BF5CEB00F8500C /* GerencianetTests */ = {
			isa = PBXNativeTarget;
			buildConfigurationList = 0C7A188126BF5CEB00F8500C /* Build configuration list for PBXNativeTarget "GerencianetTests" */;
			buildPhases = (
				0C7A186626BF5CEB00F8500C /* Sources */,
				0C7A186726BF5CEB00F8500C /* Frameworks */,
				0C7A186826BF5CEB00F8500C /* Resources */,
			);
			buildRules = (
			);
			dependencies = (
				0C7A186C26BF5CEB00F8500C /* PBXTargetDependency */,
			);
			name = GerencianetTests;
			productName = GerencianetTests;
			productReference = 0C7A186A26BF5CEB00F8500C /* GerencianetTests.xctest */;
			productType = "com.apple.product-type.bundle.unit-test";
		};
		0C7A187426BF5CEB00F8500C /* GerencianetUITests */ = {
			isa = PBXNativeTarget;
			buildConfigurationList = 0C7A188426BF5CEB00F8500C /* Build configuration list for PBXNativeTarget "GerencianetUITests" */;
			buildPhases = (
				0C7A187126BF5CEB00F8500C /* Sources */,
				0C7A187226BF5CEB00F8500C /* Frameworks */,
				0C7A187326BF5CEB00F8500C /* Resources */,
			);
			buildRules = (
			);
			dependencies = (
				0C7A187726BF5CEB00F8500C /* PBXTargetDependency */,
			);
			name = GerencianetUITests;
			productName = GerencianetUITests;
			productReference = 0C7A187526BF5CEB00F8500C /* GerencianetUITests.xctest */;
			productType = "com.apple.product-type.bundle.ui-testing";
		};
/* End PBXNativeTarget section */

/* Begin PBXProject section */
		0C7A184926BF5CE600F8500C /* Project object */ = {
			isa = PBXProject;
			attributes = {
				LastSwiftUpdateCheck = 1170;
				LastUpgradeCheck = 1170;
				ORGANIZATIONNAME = "Fabiana Petrovick";
				TargetAttributes = {
					0C7A185026BF5CE600F8500C = {
						CreatedOnToolsVersion = 11.7;
					};
					0C7A186926BF5CEB00F8500C = {
						CreatedOnToolsVersion = 11.7;
						TestTargetID = 0C7A185026BF5CE600F8500C;
					};
					0C7A187426BF5CEB00F8500C = {
						CreatedOnToolsVersion = 11.7;
						TestTargetID = 0C7A185026BF5CE600F8500C;
					};
				};
			};
			buildConfigurationList = 0C7A184C26BF5CE600F8500C /* Build configuration list for PBXProject "Gerencianet" */;
			compatibilityVersion = "Xcode 9.3";
			developmentRegion = en;
			hasScannedForEncodings = 0;
			knownRegions = (
				en,
				Base,
			);
			mainGroup = 0C7A184826BF5CE600F8500C;
			productRefGroup = 0C7A185226BF5CE600F8500C /* Products */;
			projectDirPath = "";
			projectRoot = "";
			targets = (
				0C7A185026BF5CE600F8500C /* Gerencianet */,
				0C7A186926BF5CEB00F8500C /* GerencianetTests */,
				0C7A187426BF5CEB00F8500C /* GerencianetUITests */,
			);
		};
/* End PBXProject section */

/* Begin PBXResourcesBuildPhase section */
		0C7A184F26BF5CE600F8500C /* Resources */ = {
			isa = PBXResourcesBuildPhase;
			buildActionMask = 2147483647;
			files = (
				0C7A186426BF5CEB00F8500C /* LaunchScreen.storyboard in Resources */,
				0C7A186126BF5CEB00F8500C /* Assets.xcassets in Resources */,
				0C7A185C26BF5CE600F8500C /* Main.storyboard in Resources */,
				0CF051F726C0C5A600CBB5AE /* Slide.xib in Resources */,
			);
			runOnlyForDeploymentPostprocessing = 0;
		};
		0C7A186826BF5CEB00F8500C /* Resources */ = {
			isa = PBXResourcesBuildPhase;
			buildActionMask = 2147483647;
			files = (
			);
			runOnlyForDeploymentPostprocessing = 0;
		};
		0C7A187326BF5CEB00F8500C /* Resources */ = {
			isa = PBXResourcesBuildPhase;
			buildActionMask = 2147483647;
			files = (
			);
			runOnlyForDeploymentPostprocessing = 0;
		};
/* End PBXResourcesBuildPhase section */

/* Begin PBXSourcesBuildPhase section */
		0C7A184D26BF5CE600F8500C /* Sources */ = {
			isa = PBXSourcesBuildPhase;
			buildActionMask = 2147483647;
			files = (
				0CAE6DA526C6082C0041418B /* UIView+Snapshot..swift in Sources */,
				0C11AAA326D8721B00DF2912 /* MenuViewController.swift in Sources */,
				0C4F0DF726CC9F7900B953A8 /* DesignableSegmentControl.swift in Sources */,
				0C11AAA126D8720D00DF2912 /* ContainerViewController.swift in Sources */,
				0C7A185926BF5CE600F8500C /* ViewController.swift in Sources */,
				0C7FF3E126D2B89B00778A97 /* AcessAccountPasswordController.swift in Sources */,
				0C7A185F26BF5CE600F8500C /* Gerencianet.xcdatamodeld in Sources */,
				0CAE6DA726C60E0C0041418B /* AccessAccountController.swift in Sources */,
				0CF051F026C0C15900CBB5AE /* PageControlController.swift in Sources */,
				0CF051F526C0C54C00CBB5AE /* Slide.swift in Sources */,
				0C11AAA526D8722800DF2912 /* HomeViewController.swift in Sources */,
				0C7A185526BF5CE600F8500C /* AppDelegate.swift in Sources */,
				0C1641C026D48D6D00B5AB95 /* DrawerLeftController.swift in Sources */,
				0C82324D26CB49C7000CF016 /* OpenAccountController.swift in Sources */,
				0C7A185726BF5CE600F8500C /* SceneDelegate.swift in Sources */,
			);
			runOnlyForDeploymentPostprocessing = 0;
		};
		0C7A186626BF5CEB00F8500C /* Sources */ = {
			isa = PBXSourcesBuildPhase;
			buildActionMask = 2147483647;
			files = (
				0C7A186F26BF5CEB00F8500C /* GerencianetTests.swift in Sources */,
			);
			runOnlyForDeploymentPostprocessing = 0;
		};
		0C7A187126BF5CEB00F8500C /* Sources */ = {
			isa = PBXSourcesBuildPhase;
			buildActionMask = 2147483647;
			files = (
				0C7A187A26BF5CEB00F8500C /* GerencianetUITests.swift in Sources */,
			);
			runOnlyForDeploymentPostprocessing = 0;
		};
/* End PBXSourcesBuildPhase section */

/* Begin PBXTargetDependency section */
		0C7A186C26BF5CEB00F8500C /* PBXTargetDependency */ = {
			isa = PBXTargetDependency;
			target = 0C7A185026BF5CE600F8500C /* Gerencianet */;
			targetProxy = 0C7A186B26BF5CEB00F8500C /* PBXContainerItemProxy */;
		};
		0C7A187726BF5CEB00F8500C /* PBXTargetDependency */ = {
			isa = PBXTargetDependency;
			target = 0C7A185026BF5CE600F8500C /* Gerencianet */;
			targetProxy = 0C7A187626BF5CEB00F8500C /* PBXContainerItemProxy */;
		};
/* End PBXTargetDependency section */

/* Begin PBXVariantGroup section */
		0C7A185A26BF5CE600F8500C /* Main.storyboard */ = {
			isa = PBXVariantGroup;
			children = (
				0C7A185B26BF5CE600F8500C /* Base */,
			);
			name = Main.storyboard;
			sourceTree = "<group>";
		};
		0C7A186226BF5CEB00F8500C /* LaunchScreen.storyboard */ = {
			isa = PBXVariantGroup;
			children = (
				0C7A186326BF5CEB00F8500C /* Base */,
			);
			name = LaunchScreen.storyboard;
			sourceTree = "<group>";
		};
/* End PBXVariantGroup section */

/* Begin XCBuildConfiguration section */
		0C7A187C26BF5CEB00F8500C /* Debug */ = {
			isa = XCBuildConfiguration;
			buildSettings = {
				ALWAYS_SEARCH_USER_PATHS = NO;
				CLANG_ANALYZER_NONNULL = YES;
				CLANG_ANALYZER_NUMBER_OBJECT_CONVERSION = YES_AGGRESSIVE;
				CLANG_CXX_LANGUAGE_STANDARD = "gnu++14";
				CLANG_CXX_LIBRARY = "libc++";
				CLANG_ENABLE_MODULES = YES;
				CLANG_ENABLE_OBJC_ARC = YES;
				CLANG_ENABLE_OBJC_WEAK = YES;
				CLANG_WARN_BLOCK_CAPTURE_AUTORELEASING = YES;
				CLANG_WARN_BOOL_CONVERSION = YES;
				CLANG_WARN_COMMA = YES;
				CLANG_WARN_CONSTANT_CONVERSION = YES;
				CLANG_WARN_DEPRECATED_OBJC_IMPLEMENTATIONS = YES;
				CLANG_WARN_DIRECT_OBJC_ISA_USAGE = YES_ERROR;
				CLANG_WARN_DOCUMENTATION_COMMENTS = YES;
				CLANG_WARN_EMPTY_BODY = YES;
				CLANG_WARN_ENUM_CONVERSION = YES;
				CLANG_WARN_INFINITE_RECURSION = YES;
				CLANG_WARN_INT_CONVERSION = YES;
				CLANG_WARN_NON_LITERAL_NULL_CONVERSION = YES;
				CLANG_WARN_OBJC_IMPLICIT_RETAIN_SELF = YES;
				CLANG_WARN_OBJC_LITERAL_CONVERSION = YES;
				CLANG_WARN_OBJC_ROOT_CLASS = YES_ERROR;
				CLANG_WARN_RANGE_LOOP_ANALYSIS = YES;
				CLANG_WARN_STRICT_PROTOTYPES = YES;
				CLANG_WARN_SUSPICIOUS_MOVE = YES;
				CLANG_WARN_UNGUARDED_AVAILABILITY = YES_AGGRESSIVE;
				CLANG_WARN_UNREACHABLE_CODE = YES;
				CLANG_WARN__DUPLICATE_METHOD_MATCH = YES;
				COPY_PHASE_STRIP = NO;
				DEBUG_INFORMATION_FORMAT = dwarf;
				ENABLE_STRICT_OBJC_MSGSEND = YES;
				ENABLE_TESTABILITY = YES;
				GCC_C_LANGUAGE_STANDARD = gnu11;
				GCC_DYNAMIC_NO_PIC = NO;
				GCC_NO_COMMON_BLOCKS = YES;
				GCC_OPTIMIZATION_LEVEL = 0;
				GCC_PREPROCESSOR_DEFINITIONS = (
					"DEBUG=1",
					"$(inherited)",
				);
				GCC_WARN_64_TO_32_BIT_CONVERSION = YES;
				GCC_WARN_ABOUT_RETURN_TYPE = YES_ERROR;
				GCC_WARN_UNDECLARED_SELECTOR = YES;
				GCC_WARN_UNINITIALIZED_AUTOS = YES_AGGRESSIVE;
				GCC_WARN_UNUSED_FUNCTION = YES;
				GCC_WARN_UNUSED_VARIABLE = YES;
				IPHONEOS_DEPLOYMENT_TARGET = 13.7;
				MTL_ENABLE_DEBUG_INFO = INCLUDE_SOURCE;
				MTL_FAST_MATH = YES;
				ONLY_ACTIVE_ARCH = YES;
				SDKROOT = iphoneos;
				SWIFT_ACTIVE_COMPILATION_CONDITIONS = DEBUG;
				SWIFT_OPTIMIZATION_LEVEL = "-Onone";
			};
			name = Debug;
		};
		0C7A187D26BF5CEB00F8500C /* Release */ = {
			isa = XCBuildConfiguration;
			buildSettings = {
				ALWAYS_SEARCH_USER_PATHS = NO;
				CLANG_ANALYZER_NONNULL = YES;
				CLANG_ANALYZER_NUMBER_OBJECT_CONVERSION = YES_AGGRESSIVE;
				CLANG_CXX_LANGUAGE_STANDARD = "gnu++14";
				CLANG_CXX_LIBRARY = "libc++";
				CLANG_ENABLE_MODULES = YES;
				CLANG_ENABLE_OBJC_ARC = YES;
				CLANG_ENABLE_OBJC_WEAK = YES;
				CLANG_WARN_BLOCK_CAPTURE_AUTORELEASING = YES;
				CLANG_WARN_BOOL_CONVERSION = YES;
				CLANG_WARN_COMMA = YES;
				CLANG_WARN_CONSTANT_CONVERSION = YES;
				CLANG_WARN_DEPRECATED_OBJC_IMPLEMENTATIONS = YES;
				CLANG_WARN_DIRECT_OBJC_ISA_USAGE = YES_ERROR;
				CLANG_WARN_DOCUMENTATION_COMMENTS = YES;
				CLANG_WARN_EMPTY_BODY = YES;
				CLANG_WARN_ENUM_CONVERSION = YES;
				CLANG_WARN_INFINITE_RECURSION = YES;
				CLANG_WARN_INT_CONVERSION = YES;
				CLANG_WARN_NON_LITERAL_NULL_CONVERSION = YES;
				CLANG_WARN_OBJC_IMPLICIT_RETAIN_SELF = YES;
				CLANG_WARN_OBJC_LITERAL_CONVERSION = YES;
				CLANG_WARN_OBJC_ROOT_CLASS = YES_ERROR;
				CLANG_WARN_RANGE_LOOP_ANALYSIS = YES;
				CLANG_WARN_STRICT_PROTOTYPES = YES;
				CLANG_WARN_SUSPICIOUS_MOVE = YES;
				CLANG_WARN_UNGUARDED_AVAILABILITY = YES_AGGRESSIVE;
				CLANG_WARN_UNREACHABLE_CODE = YES;
				CLANG_WARN__DUPLICATE_METHOD_MATCH = YES;
				COPY_PHASE_STRIP = NO;
				DEBUG_INFORMATION_FORMAT = "dwarf-with-dsym";
				ENABLE_NS_ASSERTIONS = NO;
				ENABLE_STRICT_OBJC_MSGSEND = YES;
				GCC_C_LANGUAGE_STANDARD = gnu11;
				GCC_NO_COMMON_BLOCKS = YES;
				GCC_WARN_64_TO_32_BIT_CONVERSION = YES;
				GCC_WARN_ABOUT_RETURN_TYPE = YES_ERROR;
				GCC_WARN_UNDECLARED_SELECTOR = YES;
				GCC_WARN_UNINITIALIZED_AUTOS = YES_AGGRESSIVE;
				GCC_WARN_UNUSED_FUNCTION = YES;
				GCC_WARN_UNUSED_VARIABLE = YES;
				IPHONEOS_DEPLOYMENT_TARGET = 13.7;
				MTL_ENABLE_DEBUG_INFO = NO;
				MTL_FAST_MATH = YES;
				SDKROOT = iphoneos;
				SWIFT_COMPILATION_MODE = wholemodule;
				SWIFT_OPTIMIZATION_LEVEL = "-O";
				VALIDATE_PRODUCT = YES;
			};
			name = Release;
		};
		0C7A187F26BF5CEB00F8500C /* Debug */ = {
			isa = XCBuildConfiguration;
			buildSettings = {
				ASSETCATALOG_COMPILER_APPICON_NAME = AppIcon;
				CODE_SIGN_IDENTITY = "Apple Development";
				CODE_SIGN_STYLE = Automatic;
				DEVELOPMENT_TEAM = "";
				INFOPLIST_FILE = Gerencianet/Info.plist;
				LD_RUNPATH_SEARCH_PATHS = (
					"$(inherited)",
					"@executable_path/Frameworks",
				);
				PRODUCT_BUNDLE_IDENTIFIER = com.fabiana.Gerencianet;
				PRODUCT_NAME = "$(TARGET_NAME)";
				PROVISIONING_PROFILE_SPECIFIER = "";
				SWIFT_VERSION = 5.0;
				TARGETED_DEVICE_FAMILY = "1,2";
			};
			name = Debug;
		};
		0C7A188026BF5CEB00F8500C /* Release */ = {
			isa = XCBuildConfiguration;
			buildSettings = {
				ASSETCATALOG_COMPILER_APPICON_NAME = AppIcon;
				CODE_SIGN_IDENTITY = "Apple Development";
				CODE_SIGN_STYLE = Automatic;
				DEVELOPMENT_TEAM = "";
				INFOPLIST_FILE = Gerencianet/Info.plist;
				LD_RUNPATH_SEARCH_PATHS = (
					"$(inherited)",
					"@executable_path/Frameworks",
				);
				PRODUCT_BUNDLE_IDENTIFIER = com.fabiana.Gerencianet;
				PRODUCT_NAME = "$(TARGET_NAME)";
				PROVISIONING_PROFILE_SPECIFIER = "";
				SWIFT_VERSION = 5.0;
				TARGETED_DEVICE_FAMILY = "1,2";
			};
			name = Release;
		};
		0C7A188226BF5CEB00F8500C /* Debug */ = {
			isa = XCBuildConfiguration;
			buildSettings = {
				ALWAYS_EMBED_SWIFT_STANDARD_LIBRARIES = YES;
				BUNDLE_LOADER = "$(TEST_HOST)";
				CODE_SIGN_STYLE = Automatic;
				INFOPLIST_FILE = GerencianetTests/Info.plist;
				IPHONEOS_DEPLOYMENT_TARGET = 13.7;
				LD_RUNPATH_SEARCH_PATHS = (
					"$(inherited)",
					"@executable_path/Frameworks",
					"@loader_path/Frameworks",
				);
				PRODUCT_BUNDLE_IDENTIFIER = com.fabiana.GerencianetTests;
				PRODUCT_NAME = "$(TARGET_NAME)";
				SWIFT_VERSION = 5.0;
				TARGETED_DEVICE_FAMILY = "1,2";
				TEST_HOST = "$(BUILT_PRODUCTS_DIR)/Gerencianet.app/Gerencianet";
			};
			name = Debug;
		};
		0C7A188326BF5CEB00F8500C /* Release */ = {
			isa = XCBuildConfiguration;
			buildSettings = {
				ALWAYS_EMBED_SWIFT_STANDARD_LIBRARIES = YES;
				BUNDLE_LOADER = "$(TEST_HOST)";
				CODE_SIGN_STYLE = Automatic;
				INFOPLIST_FILE = GerencianetTests/Info.plist;
				IPHONEOS_DEPLOYMENT_TARGET = 13.7;
				LD_RUNPATH_SEARCH_PATHS = (
					"$(inherited)",
					"@executable_path/Frameworks",
					"@loader_path/Frameworks",
				);
				PRODUCT_BUNDLE_IDENTIFIER = com.fabiana.GerencianetTests;
				PRODUCT_NAME = "$(TARGET_NAME)";
				SWIFT_VERSION = 5.0;
				TARGETED_DEVICE_FAMILY = "1,2";
				TEST_HOST = "$(BUILT_PRODUCTS_DIR)/Gerencianet.app/Gerencianet";
			};
			name = Release;
		};
		0C7A188526BF5CEB00F8500C /* Debug */ = {
			isa = XCBuildConfiguration;
			buildSettings = {
				ALWAYS_EMBED_SWIFT_STANDARD_LIBRARIES = YES;
				CODE_SIGN_STYLE = Automatic;
				INFOPLIST_FILE = GerencianetUITests/Info.plist;
				LD_RUNPATH_SEARCH_PATHS = (
					"$(inherited)",
					"@executable_path/Frameworks",
					"@loader_path/Frameworks",
				);
				PRODUCT_BUNDLE_IDENTIFIER = com.fabiana.GerencianetUITests;
				PRODUCT_NAME = "$(TARGET_NAME)";
				SWIFT_VERSION = 5.0;
				TARGETED_DEVICE_FAMILY = "1,2";
				TEST_TARGET_NAME = Gerencianet;
			};
			name = Debug;
		};
		0C7A188626BF5CEB00F8500C /* Release */ = {
			isa = XCBuildConfiguration;
			buildSettings = {
				ALWAYS_EMBED_SWIFT_STANDARD_LIBRARIES = YES;
				CODE_SIGN_STYLE = Automatic;
				INFOPLIST_FILE = GerencianetUITests/Info.plist;
				LD_RUNPATH_SEARCH_PATHS = (
					"$(inherited)",
					"@executable_path/Frameworks",
					"@loader_path/Frameworks",
				);
				PRODUCT_BUNDLE_IDENTIFIER = com.fabiana.GerencianetUITests;
				PRODUCT_NAME = "$(TARGET_NAME)";
				SWIFT_VERSION = 5.0;
				TARGETED_DEVICE_FAMILY = "1,2";
				TEST_TARGET_NAME = Gerencianet;
			};
			name = Release;
		};
/* End XCBuildConfiguration section */

/* Begin XCConfigurationList section */
		0C7A184C26BF5CE600F8500C /* Build configuration list for PBXProject "Gerencianet" */ = {
			isa = XCConfigurationList;
			buildConfigurations = (
				0C7A187C26BF5CEB00F8500C /* Debug */,
				0C7A187D26BF5CEB00F8500C /* Release */,
			);
			defaultConfigurationIsVisible = 0;
			defaultConfigurationName = Release;
		};
		0C7A187E26BF5CEB00F8500C /* Build configuration list for PBXNativeTarget "Gerencianet" */ = {
			isa = XCConfigurationList;
			buildConfigurations = (
				0C7A187F26BF5CEB00F8500C /* Debug */,
				0C7A188026BF5CEB00F8500C /* Release */,
			);
			defaultConfigurationIsVisible = 0;
			defaultConfigurationName = Release;
		};
		0C7A188126BF5CEB00F8500C /* Build configuration list for PBXNativeTarget "GerencianetTests" */ = {
			isa = XCConfigurationList;
			buildConfigurations = (
				0C7A188226BF5CEB00F8500C /* Debug */,
				0C7A188326BF5CEB00F8500C /* Release */,
			);
			defaultConfigurationIsVisible = 0;
			defaultConfigurationName = Release;
		};
		0C7A188426BF5CEB00F8500C /* Build configuration list for PBXNativeTarget "GerencianetUITests" */ = {
			isa = XCConfigurationList;
			buildConfigurations = (
				0C7A188526BF5CEB00F8500C /* Debug */,
				0C7A188626BF5CEB00F8500C /* Release */,
			);
			defaultConfigurationIsVisible = 0;
			defaultConfigurationName = Release;
		};
/* End XCConfigurationList section */

/* Begin XCVersionGroup section */
		0C7A185D26BF5CE600F8500C /* Gerencianet.xcdatamodeld */ = {
			isa = XCVersionGroup;
			children = (
				0C7A185E26BF5CE600F8500C /* Gerencianet.xcdatamodel */,
			);
			currentVersion = 0C7A185E26BF5CE600F8500C /* Gerencianet.xcdatamodel */;
			path = Gerencianet.xcdatamodeld;
			sourceTree = "<group>";
			versionGroupType = wrapper.xcdatamodel;
		};
/* End XCVersionGroup section */
	};
	rootObject = 0C7A184926BF5CE600F8500C /* Project object */;
}
